
Microsoft Visual Studio Solution File, Format Version 12.00
# Visual Studio Version 17
VisualStudioVersion = 17.4.33110.190
MinimumVisualStudioVersion = 10.0.40219.1
Project("{FAE04EC0-301F-11D3-BF4B-00C04F79EFBC}") = "ProjectStudent.Model", "ProjectStudent.Model.csproj", "{8127C70D-FEE4-44B5-ABEF-433B21330BBE}"
EndProject
Project("{FAE04EC0-301F-11D3-BF4B-00C04F79EFBC}") = "ProjectStudent.Entities", "..\ProjectStudent.Entities\ProjectStudent.Entities.csproj", "{49DCFF0D-9949-4569-B802-7B09DFFCEF82}"
EndProject
Project("{FAE04EC0-301F-11D3-BF4B-00C04F79EFBC}") = "ProjectStudent.DAL", "..\ProjectStudent.DAL\ProjectStudent.DAL.csproj", "{E7EE90EA-CEDE-440F-B8EF-1DD43A0999CA}"
EndProject
Project("{FAE04EC0-301F-11D3-BF4B-00C04F79EFBC}") = "ProjectStudent.UI", "..\ProjectStudent.UI\ProjectStudent.UI.csproj", "{EC643770-3DD3-4C6E-91BD-49FF6EBF95E2}"
EndProject
Global
	GlobalSection(SolutionConfigurationPlatforms) = preSolution
		Debug|Any CPU = Debug|Any CPU
		Release|Any CPU = Release|Any CPU
	EndGlobalSection
	GlobalSection(ProjectConfigurationPlatforms) = postSolution
		{8127C70D-FEE4-44B5-ABEF-433B21330BBE}.Debug|Any CPU.ActiveCfg = Debug|Any CPU
		{8127C70D-FEE4-44B5-ABEF-433B21330BBE}.Debug|Any CPU.Build.0 = Debug|Any CPU
		{8127C70D-FEE4-44B5-ABEF-433B21330BBE}.Release|Any CPU.ActiveCfg = Release|Any CPU
		{8127C70D-FEE4-44B5-ABEF-433B21330BBE}.Release|Any CPU.Build.0 = Release|Any CPU
		{49DCFF0D-9949-4569-B802-7B09DFFCEF82}.Debug|Any CPU.ActiveCfg = Debug|Any CPU
		{49DCFF0D-9949-4569-B802-7B09DFFCEF82}.Debug|Any CPU.Build.0 = Debug|Any CPU
		{49DCFF0D-9949-4569-B802-7B09DFFCEF82}.Release|Any CPU.ActiveCfg = Release|Any CPU
		{49DCFF0D-9949-4569-B802-7B09DFFCEF82}.Release|Any CPU.Build.0 = Release|Any CPU
		{E7EE90EA-CEDE-440F-B8EF-1DD43A0999CA}.Debug|Any CPU.ActiveCfg = Debug|Any CPU
		{E7EE90EA-CEDE-440F-B8EF-1DD43A0999CA}.Debug|Any CPU.Build.0 = Debug|Any CPU
		{E7EE90EA-CEDE-440F-B8EF-1DD43A0999CA}.Release|Any CPU.ActiveCfg = Release|Any CPU
		{E7EE90EA-CEDE-440F-B8EF-1DD43A0999CA}.Release|Any CPU.Build.0 = Release|Any CPU
		{EC643770-3DD3-4C6E-91BD-49FF6EBF95E2}.Debug|Any CPU.ActiveCfg = Debug|Any CPU
		{EC643770-3DD3-4C6E-91BD-49FF6EBF95E2}.Debug|Any CPU.Build.0 = Debug|Any CPU
		{EC643770-3DD3-4C6E-91BD-49FF6EBF95E2}.Release|Any CPU.ActiveCfg = Release|Any CPU
		{EC643770-3DD3-4C6E-91BD-49FF6EBF95E2}.Release|Any CPU.Build.0 = Release|Any CPU
	EndGlobalSection
	GlobalSection(SolutionProperties) = preSolution
		HideSolutionNode = FALSE
	EndGlobalSection
	GlobalSection(ExtensibilityGlobals) = postSolution
		SolutionGuid = {FC63DE03-3262-49CD-BC96-28DE9CE47FB2}
	EndGlobalSection
EndGlobal
